
Microsoft Visual Studio Solution File, Format Version 12.00
# Visual Studio 15
VisualStudioVersion = 15.0.27130.2010
MinimumVisualStudioVersion = 10.0.40219.1
Project("{2150E333-8FDC-42A3-9474-1A3956D46DE8}") = "Libraries", "Libraries", "{64686D38-9449-40EA-B515-902E29C841F5}"
EndProject
Project("{9A19103F-16F7-4668-BE54-9A1E7A4F7556}") = "DemoCoreWebApp.Data", "Libraries\DemoCoreWebApp.Data\DemoCoreWebApp.Data.csproj", "{6B8C78FB-8B3C-473D-B529-4A1EB92077EA}"
EndProject
Project("{2150E333-8FDC-42A3-9474-1A3956D46DE8}") = "Presentation", "Presentation", "{DB935E77-7A16-403E-ABC0-70F2E74996D4}"
EndProject
Project("{9A19103F-16F7-4668-BE54-9A1E7A4F7556}") = "DemoCoreWebApp.Core", "Libraries\DemoCoreWebApp.Core\DemoCoreWebApp.Core.csproj", "{B03D0B48-EB48-4764-9B2F-49FA0F2A683E}"
EndProject
Project("{9A19103F-16F7-4668-BE54-9A1E7A4F7556}") = "DemoCoreWebApp.Web", "Presentation\DemoCoreWebApp\DemoCoreWebApp.Web.csproj", "{54A380D7-57FB-405C-899A-41646512A70B}"
EndProject
Global
	GlobalSection(SolutionConfigurationPlatforms) = preSolution
		Debug|Any CPU = Debug|Any CPU
		Release|Any CPU = Release|Any CPU
	EndGlobalSection
	GlobalSection(ProjectConfigurationPlatforms) = postSolution
		{6B8C78FB-8B3C-473D-B529-4A1EB92077EA}.Debug|Any CPU.ActiveCfg = Debug|Any CPU
		{6B8C78FB-8B3C-473D-B529-4A1EB92077EA}.Debug|Any CPU.Build.0 = Debug|Any CPU
		{6B8C78FB-8B3C-473D-B529-4A1EB92077EA}.Release|Any CPU.ActiveCfg = Release|Any CPU
		{6B8C78FB-8B3C-473D-B529-4A1EB92077EA}.Release|Any CPU.Build.0 = Release|Any CPU
		{B03D0B48-EB48-4764-9B2F-49FA0F2A683E}.Debug|Any CPU.ActiveCfg = Debug|Any CPU
		{B03D0B48-EB48-4764-9B2F-49FA0F2A683E}.Debug|Any CPU.Build.0 = Debug|Any CPU
		{B03D0B48-EB48-4764-9B2F-49FA0F2A683E}.Release|Any CPU.ActiveCfg = Release|Any CPU
		{B03D0B48-EB48-4764-9B2F-49FA0F2A683E}.Release|Any CPU.Build.0 = Release|Any CPU
		{54A380D7-57FB-405C-899A-41646512A70B}.Debug|Any CPU.ActiveCfg = Debug|Any CPU
		{54A380D7-57FB-405C-899A-41646512A70B}.Debug|Any CPU.Build.0 = Debug|Any CPU
		{54A380D7-57FB-405C-899A-41646512A70B}.Release|Any CPU.ActiveCfg = Release|Any CPU
		{54A380D7-57FB-405C-899A-41646512A70B}.Release|Any CPU.Build.0 = Release|Any CPU
	EndGlobalSection
	GlobalSection(SolutionProperties) = preSolution
		HideSolutionNode = FALSE
	EndGlobalSection
	GlobalSection(NestedProjects) = preSolution
		{6B8C78FB-8B3C-473D-B529-4A1EB92077EA} = {64686D38-9449-40EA-B515-902E29C841F5}
		{B03D0B48-EB48-4764-9B2F-49FA0F2A683E} = {64686D38-9449-40EA-B515-902E29C841F5}
		{54A380D7-57FB-405C-899A-41646512A70B} = {DB935E77-7A16-403E-ABC0-70F2E74996D4}
	EndGlobalSection
	GlobalSection(ExtensibilityGlobals) = postSolution
		SolutionGuid = {4F375FDD-4FBD-403A-AA4F-9ADE1DCEA7C5}
	EndGlobalSection
EndGlobal
